
Microsoft Visual Studio Solution File, Format Version 12.00
# Visual Studio Version 17
VisualStudioVersion = 17.9.34701.34
MinimumVisualStudioVersion = 10.0.40219.1
Project("{FAE04EC0-301F-11D3-BF4B-00C04F79EFBC}") = "BlazorServer", "BlazorServer\BlazorServer.csproj", "{B3F52A2C-83DD-4025-BEA9-E3900DB38BA8}"
EndProject
Project("{FAE04EC0-301F-11D3-BF4B-00C04F79EFBC}") = "BlazorWebAssembly.Server", "BlazorWebAssembly\Server\BlazorWebAssembly.Server.csproj", "{52C8664F-C984-4199-8F70-6F422A8401FE}"
EndProject
Project("{FAE04EC0-301F-11D3-BF4B-00C04F79EFBC}") = "BlazorWebAssembly.Client", "BlazorWebAssembly\Client\BlazorWebAssembly.Client.csproj", "{7721DAD5-DF55-4CE0-AD0E-78180C67A73F}"
EndProject
Project("{FAE04EC0-301F-11D3-BF4B-00C04F79EFBC}") = "BlazorWebAssembly.Shared", "BlazorWebAssembly\Shared\BlazorWebAssembly.Shared.csproj", "{D207F4FC-88FF-489D-A92C-4EB806A283A4}"
EndProject
Project("{FAE04EC0-301F-11D3-BF4B-00C04F79EFBC}") = "Data", "Data\Data.csproj", "{77E31B6F-222F-4DD6-B00A-F3E5F490E74D}"
EndProject
Project("{FAE04EC0-301F-11D3-BF4B-00C04F79EFBC}") = "Data.Models", "Data.Models\Data.Models.csproj", "{B2EF9082-9314-4411-BE80-E7703DD3159A}"
EndProject
Global
	GlobalSection(SolutionConfigurationPlatforms) = preSolution
		Debug|Any CPU = Debug|Any CPU
		Release|Any CPU = Release|Any CPU
	EndGlobalSection
	GlobalSection(ProjectConfigurationPlatforms) = postSolution
		{B3F52A2C-83DD-4025-BEA9-E3900DB38BA8}.Debug|Any CPU.ActiveCfg = Debug|Any CPU
		{B3F52A2C-83DD-4025-BEA9-E3900DB38BA8}.Debug|Any CPU.Build.0 = Debug|Any CPU
		{B3F52A2C-83DD-4025-BEA9-E3900DB38BA8}.Release|Any CPU.ActiveCfg = Release|Any CPU
		{B3F52A2C-83DD-4025-BEA9-E3900DB38BA8}.Release|Any CPU.Build.0 = Release|Any CPU
		{52C8664F-C984-4199-8F70-6F422A8401FE}.Debug|Any CPU.ActiveCfg = Debug|Any CPU
		{52C8664F-C984-4199-8F70-6F422A8401FE}.Debug|Any CPU.Build.0 = Debug|Any CPU
		{52C8664F-C984-4199-8F70-6F422A8401FE}.Release|Any CPU.ActiveCfg = Release|Any CPU
		{52C8664F-C984-4199-8F70-6F422A8401FE}.Release|Any CPU.Build.0 = Release|Any CPU
		{7721DAD5-DF55-4CE0-AD0E-78180C67A73F}.Debug|Any CPU.ActiveCfg = Debug|Any CPU
		{7721DAD5-DF55-4CE0-AD0E-78180C67A73F}.Debug|Any CPU.Build.0 = Debug|Any CPU
		{7721DAD5-DF55-4CE0-AD0E-78180C67A73F}.Release|Any CPU.ActiveCfg = Release|Any CPU
		{7721DAD5-DF55-4CE0-AD0E-78180C67A73F}.Release|Any CPU.Build.0 = Release|Any CPU
		{D207F4FC-88FF-489D-A92C-4EB806A283A4}.Debug|Any CPU.ActiveCfg = Debug|Any CPU
		{D207F4FC-88FF-489D-A92C-4EB806A283A4}.Debug|Any CPU.Build.0 = Debug|Any CPU
		{D207F4FC-88FF-489D-A92C-4EB806A283A4}.Release|Any CPU.ActiveCfg = Release|Any CPU
		{D207F4FC-88FF-489D-A92C-4EB806A283A4}.Release|Any CPU.Build.0 = Release|Any CPU
		{77E31B6F-222F-4DD6-B00A-F3E5F490E74D}.Debug|Any CPU.ActiveCfg = Debug|Any CPU
		{77E31B6F-222F-4DD6-B00A-F3E5F490E74D}.Debug|Any CPU.Build.0 = Debug|Any CPU
		{77E31B6F-222F-4DD6-B00A-F3E5F490E74D}.Release|Any CPU.ActiveCfg = Release|Any CPU
		{77E31B6F-222F-4DD6-B00A-F3E5F490E74D}.Release|Any CPU.Build.0 = Release|Any CPU
		{B2EF9082-9314-4411-BE80-E7703DD3159A}.Debug|Any CPU.ActiveCfg = Debug|Any CPU
		{B2EF9082-9314-4411-BE80-E7703DD3159A}.Debug|Any CPU.Build.0 = Debug|Any CPU
		{B2EF9082-9314-4411-BE80-E7703DD3159A}.Release|Any CPU.ActiveCfg = Release|Any CPU
		{B2EF9082-9314-4411-BE80-E7703DD3159A}.Release|Any CPU.Build.0 = Release|Any CPU
	EndGlobalSection
	GlobalSection(SolutionProperties) = preSolution
		HideSolutionNode = FALSE
	EndGlobalSection
	GlobalSection(ExtensibilityGlobals) = postSolution
		SolutionGuid = {3955C664-6D79-4570-86E2-7E70F6C952FB}
	EndGlobalSection
EndGlobal
